// !$*UTF8*$!
{
	archiveVersion = 1;
	classes = {
	};
	objectVersion = 56;
	objects = {

/* Begin PBXBuildFile section */
		C4BB56AA2A0D818F0087D902 /* AppDelegate.swift in Sources */ = {isa = PBXBuildFile; fileRef = C4BB56A92A0D818F0087D902 /* AppDelegate.swift */; };
		C4BB56AC2A0D818F0087D902 /* SceneDelegate.swift in Sources */ = {isa = PBXBuildFile; fileRef = C4BB56AB2A0D818F0087D902 /* SceneDelegate.swift */; };
		C4BB56AE2A0D818F0087D902 /* MainViewController.swift in Sources */ = {isa = PBXBuildFile; fileRef = C4BB56AD2A0D818F0087D902 /* MainViewController.swift */; };
		C4BB56B12A0D818F0087D902 /* Main.storyboard in Resources */ = {isa = PBXBuildFile; fileRef = C4BB56AF2A0D818F0087D902 /* Main.storyboard */; };
		C4BB56B32A0D81920087D902 /* Assets.xcassets in Resources */ = {isa = PBXBuildFile; fileRef = C4BB56B22A0D81920087D902 /* Assets.xcassets */; };
		C4BB56B62A0D81920087D902 /* LaunchScreen.storyboard in Resources */ = {isa = PBXBuildFile; fileRef = C4BB56B42A0D81920087D902 /* LaunchScreen.storyboard */; };
		C4BB56C52A0D85720087D902 /* NetworkManager.swift in Sources */ = {isa = PBXBuildFile; fileRef = C4BB56C42A0D85720087D902 /* NetworkManager.swift */; };
		C4BB56C82A0D90FD0087D902 /* Alamofire in Frameworks */ = {isa = PBXBuildFile; productRef = C4BB56C72A0D90FD0087D902 /* Alamofire */; };
		C4BB56CE2A0E5A870087D902 /* Bot.swift in Sources */ = {isa = PBXBuildFile; fileRef = C4BB56CD2A0E5A870087D902 /* Bot.swift */; };
/* End PBXBuildFile section */

/* Begin PBXFileReference section */
		C4BB56A62A0D818F0087D902 /* TelegramBotAPI.app */ = {isa = PBXFileReference; explicitFileType = wrapper.application; includeInIndex = 0; path = TelegramBotAPI.app; sourceTree = BUILT_PRODUCTS_DIR; };
		C4BB56A92A0D818F0087D902 /* AppDelegate.swift */ = {isa = PBXFileReference; lastKnownFileType = sourcecode.swift; path = AppDelegate.swift; sourceTree = "<group>"; };
		C4BB56AB2A0D818F0087D902 /* SceneDelegate.swift */ = {isa = PBXFileReference; lastKnownFileType = sourcecode.swift; path = SceneDelegate.swift; sourceTree = "<group>"; };
		C4BB56AD2A0D818F0087D902 /* MainViewController.swift */ = {isa = PBXFileReference; lastKnownFileType = sourcecode.swift; path = MainViewController.swift; sourceTree = "<group>"; };
		C4BB56B02A0D818F0087D902 /* Base */ = {isa = PBXFileReference; lastKnownFileType = file.storyboard; name = Base; path = Base.lproj/Main.storyboard; sourceTree = "<group>"; };
		C4BB56B22A0D81920087D902 /* Assets.xcassets */ = {isa = PBXFileReference; lastKnownFileType = folder.assetcatalog; path = Assets.xcassets; sourceTree = "<group>"; };
		C4BB56B52A0D81920087D902 /* Base */ = {isa = PBXFileReference; lastKnownFileType = file.storyboard; name = Base; path = Base.lproj/LaunchScreen.storyboard; sourceTree = "<group>"; };
		C4BB56B72A0D81920087D902 /* Info.plist */ = {isa = PBXFileReference; lastKnownFileType = text.plist.xml; path = Info.plist; sourceTree = "<group>"; };
		C4BB56C42A0D85720087D902 /* NetworkManager.swift */ = {isa = PBXFileReference; lastKnownFileType = sourcecode.swift; path = NetworkManager.swift; sourceTree = "<group>"; };
		C4BB56CD2A0E5A870087D902 /* Bot.swift */ = {isa = PBXFileReference; lastKnownFileType = sourcecode.swift; path = Bot.swift; sourceTree = "<group>"; };
/* End PBXFileReference section */

/* Begin PBXFrameworksBuildPhase section */
		C4BB56A32A0D818F0087D902 /* Frameworks */ = {
			isa = PBXFrameworksBuildPhase;
			buildActionMask = 2147483647;
			files = (
				C4BB56C82A0D90FD0087D902 /* Alamofire in Frameworks */,
			);
			runOnlyForDeploymentPostprocessing = 0;
		};
/* End PBXFrameworksBuildPhase section */

/* Begin PBXGroup section */
		C4BB569D2A0D818F0087D902 = {
			isa = PBXGroup;
			children = (
				C4BB56A82A0D818F0087D902 /* TelegramBotAPI */,
				C4BB56A72A0D818F0087D902 /* Products */,
			);
			sourceTree = "<group>";
		};
		C4BB56A72A0D818F0087D902 /* Products */ = {
			isa = PBXGroup;
			children = (
				C4BB56A62A0D818F0087D902 /* TelegramBotAPI.app */,
			);
			name = Products;
			sourceTree = "<group>";
		};
		C4BB56A82A0D818F0087D902 /* TelegramBotAPI */ = {
			isa = PBXGroup;
			children = (
				C4BB56C22A0D82540087D902 /* Models */,
				C4BB56BF2A0D82280087D902 /* Storyboards */,
				C4BB56BE2A0D821E0087D902 /* ViewControllers */,
				C4BB56C32A0D82C30087D902 /* Services */,
				C4BB56BD2A0D82140087D902 /* App */,
				C4BB56C02A0D82360087D902 /* Resources */,
			);
			path = TelegramBotAPI;
			sourceTree = "<group>";
		};
		C4BB56BD2A0D82140087D902 /* App */ = {
			isa = PBXGroup;
			children = (
				C4BB56A92A0D818F0087D902 /* AppDelegate.swift */,
				C4BB56AB2A0D818F0087D902 /* SceneDelegate.swift */,
				C4BB56B72A0D81920087D902 /* Info.plist */,
			);
			path = App;
			sourceTree = "<group>";
		};
		C4BB56BE2A0D821E0087D902 /* ViewControllers */ = {
			isa = PBXGroup;
			children = (
				C4BB56AD2A0D818F0087D902 /* MainViewController.swift */,
			);
			path = ViewControllers;
			sourceTree = "<group>";
		};
		C4BB56BF2A0D82280087D902 /* Storyboards */ = {
			isa = PBXGroup;
			children = (
				C4BB56AF2A0D818F0087D902 /* Main.storyboard */,
				C4BB56B42A0D81920087D902 /* LaunchScreen.storyboard */,
			);
			path = Storyboards;
			sourceTree = "<group>";
		};
		C4BB56C02A0D82360087D902 /* Resources */ = {
			isa = PBXGroup;
			children = (
				C4BB56B22A0D81920087D902 /* Assets.xcassets */,
			);
			path = Resources;
			sourceTree = "<group>";
		};
		C4BB56C22A0D82540087D902 /* Models */ = {
			isa = PBXGroup;
			children = (
				C4BB56CD2A0E5A870087D902 /* Bot.swift */,
			);
			path = Models;
			sourceTree = "<group>";
		};
		C4BB56C32A0D82C30087D902 /* Services */ = {
			isa = PBXGroup;
			children = (
				C4BB56C42A0D85720087D902 /* NetworkManager.swift */,
			);
			path = Services;
			sourceTree = "<group>";
		};
/* End PBXGroup section */

/* Begin PBXNativeTarget section */
		C4BB56A52A0D818F0087D902 /* TelegramBotAPI */ = {
			isa = PBXNativeTarget;
			buildConfigurationList = C4BB56BA2A0D81920087D902 /* Build configuration list for PBXNativeTarget "TelegramBotAPI" */;
			buildPhases = (
				C4BB56A22A0D818F0087D902 /* Sources */,
				C4BB56A32A0D818F0087D902 /* Frameworks */,
				C4BB56A42A0D818F0087D902 /* Resources */,
			);
			buildRules = (
			);
			dependencies = (
			);
			name = TelegramBotAPI;
			packageProductDependencies = (
				C4BB56C72A0D90FD0087D902 /* Alamofire */,
			);
			productName = TelegramBotAPI;
			productReference = C4BB56A62A0D818F0087D902 /* TelegramBotAPI.app */;
			productType = "com.apple.product-type.application";
		};
/* End PBXNativeTarget section */

/* Begin PBXProject section */
		C4BB569E2A0D818F0087D902 /* Project object */ = {
			isa = PBXProject;
			attributes = {
				BuildIndependentTargetsInParallel = 1;
				LastSwiftUpdateCheck = 1430;
				LastUpgradeCheck = 1430;
				TargetAttributes = {
					C4BB56A52A0D818F0087D902 = {
						CreatedOnToolsVersion = 14.3;
					};
				};
			};
			buildConfigurationList = C4BB56A12A0D818F0087D902 /* Build configuration list for PBXProject "TelegramBotAPI" */;
			compatibilityVersion = "Xcode 14.0";
			developmentRegion = en;
			hasScannedForEncodings = 0;
			knownRegions = (
				en,
				Base,
			);
			mainGroup = C4BB569D2A0D818F0087D902;
			packageReferences = (
				C4BB56C62A0D90FD0087D902 /* XCRemoteSwiftPackageReference "Alamofire" */,
			);
			productRefGroup = C4BB56A72A0D818F0087D902 /* Products */;
			projectDirPath = "";
			projectRoot = "";
			targets = (
				C4BB56A52A0D818F0087D902 /* TelegramBotAPI */,
			);
		};
/* End PBXProject section */

/* Begin PBXResourcesBuildPhase section */
		C4BB56A42A0D818F0087D902 /* Resources */ = {
			isa = PBXResourcesBuildPhase;
			buildActionMask = 2147483647;
			files = (
				C4BB56B62A0D81920087D902 /* LaunchScreen.storyboard in Resources */,
				C4BB56B32A0D81920087D902 /* Assets.xcassets in Resources */,
				C4BB56B12A0D818F0087D902 /* Main.storyboard in Resources */,
			);
			runOnlyForDeploymentPostprocessing = 0;
		};
/* End PBXResourcesBuildPhase section */

/* Begin PBXSourcesBuildPhase section */
		C4BB56A22A0D818F0087D902 /* Sources */ = {
			isa = PBXSourcesBuildPhase;
			buildActionMask = 2147483647;
			files = (
				C4BB56C52A0D85720087D902 /* NetworkManager.swift in Sources */,
				C4BB56CE2A0E5A870087D902 /* Bot.swift in Sources */,
				C4BB56AE2A0D818F0087D902 /* MainViewController.swift in Sources */,
				C4BB56AA2A0D818F0087D902 /* AppDelegate.swift in Sources */,
				C4BB56AC2A0D818F0087D902 /* SceneDelegate.swift in Sources */,
			);
			runOnlyForDeploymentPostprocessing = 0;
		};
/* End PBXSourcesBuildPhase section */

/* Begin PBXVariantGroup section */
		C4BB56AF2A0D818F0087D902 /* Main.storyboard */ = {
			isa = PBXVariantGroup;
			children = (
				C4BB56B02A0D818F0087D902 /* Base */,
			);
			name = Main.storyboard;
			sourceTree = "<group>";
		};
		C4BB56B42A0D81920087D902 /* LaunchScreen.storyboard */ = {
			isa = PBXVariantGroup;
			children = (
				C4BB56B52A0D81920087D902 /* Base */,
			);
			name = LaunchScreen.storyboard;
			sourceTree = "<group>";
		};
/* End PBXVariantGroup section */

/* Begin XCBuildConfiguration section */
		C4BB56B82A0D81920087D902 /* Debug */ = {
			isa = XCBuildConfiguration;
			buildSettings = {
				ALWAYS_SEARCH_USER_PATHS = NO;
				CLANG_ANALYZER_NONNULL = YES;
				CLANG_ANALYZER_NUMBER_OBJECT_CONVERSION = YES_AGGRESSIVE;
				CLANG_CXX_LANGUAGE_STANDARD = "gnu++20";
				CLANG_ENABLE_MODULES = YES;
				CLANG_ENABLE_OBJC_ARC = YES;
				CLANG_ENABLE_OBJC_WEAK = YES;
				CLANG_WARN_BLOCK_CAPTURE_AUTORELEASING = YES;
				CLANG_WARN_BOOL_CONVERSION = YES;
				CLANG_WARN_COMMA = YES;
				CLANG_WARN_CONSTANT_CONVERSION = YES;
				CLANG_WARN_DEPRECATED_OBJC_IMPLEMENTATIONS = YES;
				CLANG_WARN_DIRECT_OBJC_ISA_USAGE = YES_ERROR;
				CLANG_WARN_DOCUMENTATION_COMMENTS = YES;
				CLANG_WARN_EMPTY_BODY = YES;
				CLANG_WARN_ENUM_CONVERSION = YES;
				CLANG_WARN_INFINITE_RECURSION = YES;
				CLANG_WARN_INT_CONVERSION = YES;
				CLANG_WARN_NON_LITERAL_NULL_CONVERSION = YES;
				CLANG_WARN_OBJC_IMPLICIT_RETAIN_SELF = YES;
				CLANG_WARN_OBJC_LITERAL_CONVERSION = YES;
				CLANG_WARN_OBJC_ROOT_CLASS = YES_ERROR;
				CLANG_WARN_QUOTED_INCLUDE_IN_FRAMEWORK_HEADER = YES;
				CLANG_WARN_RANGE_LOOP_ANALYSIS = YES;
				CLANG_WARN_STRICT_PROTOTYPES = YES;
				CLANG_WARN_SUSPICIOUS_MOVE = YES;
				CLANG_WARN_UNGUARDED_AVAILABILITY = YES_AGGRESSIVE;
				CLANG_WARN_UNREACHABLE_CODE = YES;
				CLANG_WARN__DUPLICATE_METHOD_MATCH = YES;
				COPY_PHASE_STRIP = NO;
				DEBUG_INFORMATION_FORMAT = dwarf;
				ENABLE_STRICT_OBJC_MSGSEND = YES;
				ENABLE_TESTABILITY = YES;
				GCC_C_LANGUAGE_STANDARD = gnu11;
				GCC_DYNAMIC_NO_PIC = NO;
				GCC_NO_COMMON_BLOCKS = YES;
				GCC_OPTIMIZATION_LEVEL = 0;
				GCC_PREPROCESSOR_DEFINITIONS = (
					"DEBUG=1",
					"$(inherited)",
				);
				GCC_WARN_64_TO_32_BIT_CONVERSION = YES;
				GCC_WARN_ABOUT_RETURN_TYPE = YES_ERROR;
				GCC_WARN_UNDECLARED_SELECTOR = YES;
				GCC_WARN_UNINITIALIZED_AUTOS = YES_AGGRESSIVE;
				GCC_WARN_UNUSED_FUNCTION = YES;
				GCC_WARN_UNUSED_VARIABLE = YES;
				IPHONEOS_DEPLOYMENT_TARGET = 16.4;
				MTL_ENABLE_DEBUG_INFO = INCLUDE_SOURCE;
				MTL_FAST_MATH = YES;
				ONLY_ACTIVE_ARCH = YES;
				SDKROOT = iphoneos;
				SWIFT_ACTIVE_COMPILATION_CONDITIONS = DEBUG;
				SWIFT_OPTIMIZATION_LEVEL = "-Onone";
			};
			name = Debug;
		};
		C4BB56B92A0D81920087D902 /* Release */ = {
			isa = XCBuildConfiguration;
			buildSettings = {
				ALWAYS_SEARCH_USER_PATHS = NO;
				CLANG_ANALYZER_NONNULL = YES;
				CLANG_ANALYZER_NUMBER_OBJECT_CONVERSION = YES_AGGRESSIVE;
				CLANG_CXX_LANGUAGE_STANDARD = "gnu++20";
				CLANG_ENABLE_MODULES = YES;
				CLANG_ENABLE_OBJC_ARC = YES;
				CLANG_ENABLE_OBJC_WEAK = YES;
				CLANG_WARN_BLOCK_CAPTURE_AUTORELEASING = YES;
				CLANG_WARN_BOOL_CONVERSION = YES;
				CLANG_WARN_COMMA = YES;
				CLANG_WARN_CONSTANT_CONVERSION = YES;
				CLANG_WARN_DEPRECATED_OBJC_IMPLEMENTATIONS = YES;
				CLANG_WARN_DIRECT_OBJC_ISA_USAGE = YES_ERROR;
				CLANG_WARN_DOCUMENTATION_COMMENTS = YES;
				CLANG_WARN_EMPTY_BODY = YES;
				CLANG_WARN_ENUM_CONVERSION = YES;
				CLANG_WARN_INFINITE_RECURSION = YES;
				CLANG_WARN_INT_CONVERSION = YES;
				CLANG_WARN_NON_LITERAL_NULL_CONVERSION = YES;
				CLANG_WARN_OBJC_IMPLICIT_RETAIN_SELF = YES;
				CLANG_WARN_OBJC_LITERAL_CONVERSION = YES;
				CLANG_WARN_OBJC_ROOT_CLASS = YES_ERROR;
				CLANG_WARN_QUOTED_INCLUDE_IN_FRAMEWORK_HEADER = YES;
				CLANG_WARN_RANGE_LOOP_ANALYSIS = YES;
				CLANG_WARN_STRICT_PROTOTYPES = YES;
				CLANG_WARN_SUSPICIOUS_MOVE = YES;
				CLANG_WARN_UNGUARDED_AVAILABILITY = YES_AGGRESSIVE;
				CLANG_WARN_UNREACHABLE_CODE = YES;
				CLANG_WARN__DUPLICATE_METHOD_MATCH = YES;
				COPY_PHASE_STRIP = NO;
				DEBUG_INFORMATION_FORMAT = "dwarf-with-dsym";
				ENABLE_NS_ASSERTIONS = NO;
				ENABLE_STRICT_OBJC_MSGSEND = YES;
				GCC_C_LANGUAGE_STANDARD = gnu11;
				GCC_NO_COMMON_BLOCKS = YES;
				GCC_WARN_64_TO_32_BIT_CONVERSION = YES;
				GCC_WARN_ABOUT_RETURN_TYPE = YES_ERROR;
				GCC_WARN_UNDECLARED_SELECTOR = YES;
				GCC_WARN_UNINITIALIZED_AUTOS = YES_AGGRESSIVE;
				GCC_WARN_UNUSED_FUNCTION = YES;
				GCC_WARN_UNUSED_VARIABLE = YES;
				IPHONEOS_DEPLOYMENT_TARGET = 16.4;
				MTL_ENABLE_DEBUG_INFO = NO;
				MTL_FAST_MATH = YES;
				SDKROOT = iphoneos;
				SWIFT_COMPILATION_MODE = wholemodule;
				SWIFT_OPTIMIZATION_LEVEL = "-O";
				VALIDATE_PRODUCT = YES;
			};
			name = Release;
		};
		C4BB56BB2A0D81920087D902 /* Debug */ = {
			isa = XCBuildConfiguration;
			buildSettings = {
				ASSETCATALOG_COMPILER_APPICON_NAME = AppIcon;
				ASSETCATALOG_COMPILER_GLOBAL_ACCENT_COLOR_NAME = AccentColor;
				CODE_SIGN_STYLE = Automatic;
				CURRENT_PROJECT_VERSION = 1;
				DEVELOPMENT_TEAM = 848LVZR9JB;
				GENERATE_INFOPLIST_FILE = YES;
				INFOPLIST_FILE = TelegramBotAPI/App/Info.plist;
				INFOPLIST_KEY_UIApplicationSupportsIndirectInputEvents = YES;
				INFOPLIST_KEY_UILaunchStoryboardName = LaunchScreen;
				INFOPLIST_KEY_UIMainStoryboardFile = Main;
				INFOPLIST_KEY_UISupportedInterfaceOrientations = UIInterfaceOrientationPortrait;
				INFOPLIST_KEY_UISupportedInterfaceOrientations_iPad = "UIInterfaceOrientationLandscapeLeft UIInterfaceOrientationLandscapeRight UIInterfaceOrientationPortrait UIInterfaceOrientationPortraitUpsideDown";
				IPHONEOS_DEPLOYMENT_TARGET = 15.0;
				LD_RUNPATH_SEARCH_PATHS = (
					"$(inherited)",
					"@executable_path/Frameworks",
				);
				MARKETING_VERSION = 1.0;
				PRODUCT_BUNDLE_IDENTIFIER = "Iaroslav-Beldin.TelegramBotAPI";
				PRODUCT_NAME = "$(TARGET_NAME)";
				SUPPORTED_PLATFORMS = "iphoneos iphonesimulator";
				SUPPORTS_MACCATALYST = NO;
				SUPPORTS_MAC_DESIGNED_FOR_IPHONE_IPAD = NO;
				SWIFT_EMIT_LOC_STRINGS = YES;
				SWIFT_VERSION = 5.0;
				TARGETED_DEVICE_FAMILY = 1;
			};
			name = Debug;
		};
		C4BB56BC2A0D81920087D902 /* Release */ = {
			isa = XCBuildConfiguration;
			buildSettings = {
				ASSETCATALOG_COMPILER_APPICON_NAME = AppIcon;
				ASSETCATALOG_COMPILER_GLOBAL_ACCENT_COLOR_NAME = AccentColor;
				CODE_SIGN_STYLE = Automatic;
				CURRENT_PROJECT_VERSION = 1;
				DEVELOPMENT_TEAM = 848LVZR9JB;
				GENERATE_INFOPLIST_FILE = YES;
				INFOPLIST_FILE = TelegramBotAPI/App/Info.plist;
				INFOPLIST_KEY_UIApplicationSupportsIndirectInputEvents = YES;
				INFOPLIST_KEY_UILaunchStoryboardName = LaunchScreen;
				INFOPLIST_KEY_UIMainStoryboardFile = Main;
				INFOPLIST_KEY_UISupportedInterfaceOrientations = UIInterfaceOrientationPortrait;
				INFOPLIST_KEY_UISupportedInterfaceOrientations_iPad = "UIInterfaceOrientationLandscapeLeft UIInterfaceOrientationLandscapeRight UIInterfaceOrientationPortrait UIInterfaceOrientationPortraitUpsideDown";
				IPHONEOS_DEPLOYMENT_TARGET = 15.0;
				LD_RUNPATH_SEARCH_PATHS = (
					"$(inherited)",
					"@executable_path/Frameworks",
				);
				MARKETING_VERSION = 1.0;
				PRODUCT_BUNDLE_IDENTIFIER = "Iaroslav-Beldin.TelegramBotAPI";
				PRODUCT_NAME = "$(TARGET_NAME)";
				SUPPORTED_PLATFORMS = "iphoneos iphonesimulator";
				SUPPORTS_MACCATALYST = NO;
				SUPPORTS_MAC_DESIGNED_FOR_IPHONE_IPAD = NO;
				SWIFT_EMIT_LOC_STRINGS = YES;
				SWIFT_VERSION = 5.0;
				TARGETED_DEVICE_FAMILY = 1;
			};
			name = Release;
		};
/* End XCBuildConfiguration section */

/* Begin XCConfigurationList section */
		C4BB56A12A0D818F0087D902 /* Build configuration list for PBXProject "TelegramBotAPI" */ = {
			isa = XCConfigurationList;
			buildConfigurations = (
				C4BB56B82A0D81920087D902 /* Debug */,
				C4BB56B92A0D81920087D902 /* Release */,
			);
			defaultConfigurationIsVisible = 0;
			defaultConfigurationName = Release;
		};
		C4BB56BA2A0D81920087D902 /* Build configuration list for PBXNativeTarget "TelegramBotAPI" */ = {
			isa = XCConfigurationList;
			buildConfigurations = (
				C4BB56BB2A0D81920087D902 /* Debug */,
				C4BB56BC2A0D81920087D902 /* Release */,
			);
			defaultConfigurationIsVisible = 0;
			defaultConfigurationName = Release;
		};
/* End XCConfigurationList section */

/* Begin XCRemoteSwiftPackageReference section */
		C4BB56C62A0D90FD0087D902 /* XCRemoteSwiftPackageReference "Alamofire" */ = {
			isa = XCRemoteSwiftPackageReference;
			repositoryURL = "https://github.com/Alamofire/Alamofire.git";
			requirement = {
				kind = exactVersion;
				version = 5.0.0;
			};
		};
/* End XCRemoteSwiftPackageReference section */

/* Begin XCSwiftPackageProductDependency section */
		C4BB56C72A0D90FD0087D902 /* Alamofire */ = {
			isa = XCSwiftPackageProductDependency;
			package = C4BB56C62A0D90FD0087D902 /* XCRemoteSwiftPackageReference "Alamofire" */;
			productName = Alamofire;
		};
/* End XCSwiftPackageProductDependency section */
	};
	rootObject = C4BB569E2A0D818F0087D902 /* Project object */;
}
